// !$*UTF8*$!
{
	archiveVersion = 1;
	classes = {
	};
	objectVersion = 46;
	objects = {

/* Begin PBXBuildFile section */
		D67AF7EA1F6350DB007F2D1B /* AppDelegate.swift in Sources */ = {isa = PBXBuildFile; fileRef = D67AF7E91F6350DB007F2D1B /* AppDelegate.swift */; };
		D67AF7EC1F6350DB007F2D1B /* ViewController.swift in Sources */ = {isa = PBXBuildFile; fileRef = D67AF7EB1F6350DB007F2D1B /* ViewController.swift */; };
		D67AF7EF1F6350DB007F2D1B /* Main.storyboard in Resources */ = {isa = PBXBuildFile; fileRef = D67AF7ED1F6350DB007F2D1B /* Main.storyboard */; };
		D67AF7F11F6350DB007F2D1B /* Assets.xcassets in Resources */ = {isa = PBXBuildFile; fileRef = D67AF7F01F6350DB007F2D1B /* Assets.xcassets */; };
		D67AF7F41F6350DB007F2D1B /* LaunchScreen.storyboard in Resources */ = {isa = PBXBuildFile; fileRef = D67AF7F21F6350DB007F2D1B /* LaunchScreen.storyboard */; };
		D67AF7FF1F6350DB007F2D1B /* ExampleTests.swift in Sources */ = {isa = PBXBuildFile; fileRef = D67AF7FE1F6350DB007F2D1B /* ExampleTests.swift */; };
		D67AF80A1F6350DB007F2D1B /* ExampleUITests.swift in Sources */ = {isa = PBXBuildFile; fileRef = D67AF8091F6350DB007F2D1B /* ExampleUITests.swift */; };
		D67AF8291F6352DB007F2D1B /* MobileiaCore.framework in Frameworks */ = {isa = PBXBuildFile; fileRef = D67AF8281F6352DB007F2D1B /* MobileiaCore.framework */; };
		D67AF82A1F6352DB007F2D1B /* MobileiaCore.framework in Embed Frameworks */ = {isa = PBXBuildFile; fileRef = D67AF8281F6352DB007F2D1B /* MobileiaCore.framework */; settings = {ATTRIBUTES = (CodeSignOnCopy, RemoveHeadersOnCopy, ); }; };
/* End PBXBuildFile section */

/* Begin PBXContainerItemProxy section */
		D67AF7FB1F6350DB007F2D1B /* PBXContainerItemProxy */ = {
			isa = PBXContainerItemProxy;
			containerPortal = D67AF7DE1F6350DB007F2D1B /* Project object */;
			proxyType = 1;
			remoteGlobalIDString = D67AF7E51F6350DB007F2D1B;
			remoteInfo = Example;
		};
		D67AF8061F6350DB007F2D1B /* PBXContainerItemProxy */ = {
			isa = PBXContainerItemProxy;
			containerPortal = D67AF7DE1F6350DB007F2D1B /* Project object */;
			proxyType = 1;
			remoteGlobalIDString = D67AF7E51F6350DB007F2D1B;
			remoteInfo = Example;
		};
/* End PBXContainerItemProxy section */

/* Begin PBXCopyFilesBuildPhase section */
		D67AF82B1F6352DB007F2D1B /* Embed Frameworks */ = {
			isa = PBXCopyFilesBuildPhase;
			buildActionMask = 2147483647;
			dstPath = "";
			dstSubfolderSpec = 10;
			files = (
				D67AF82A1F6352DB007F2D1B /* MobileiaCore.framework in Embed Frameworks */,
			);
			name = "Embed Frameworks";
			runOnlyForDeploymentPostprocessing = 0;
		};
/* End PBXCopyFilesBuildPhase section */

/* Begin PBXFileReference section */
		D67AF7E61F6350DB007F2D1B /* Example.app */ = {isa = PBXFileReference; explicitFileType = wrapper.application; includeInIndex = 0; path = Example.app; sourceTree = BUILT_PRODUCTS_DIR; };
		D67AF7E91F6350DB007F2D1B /* AppDelegate.swift */ = {isa = PBXFileReference; lastKnownFileType = sourcecode.swift; path = AppDelegate.swift; sourceTree = "<group>"; };
		D67AF7EB1F6350DB007F2D1B /* ViewController.swift */ = {isa = PBXFileReference; lastKnownFileType = sourcecode.swift; path = ViewController.swift; sourceTree = "<group>"; };
		D67AF7EE1F6350DB007F2D1B /* Base */ = {isa = PBXFileReference; lastKnownFileType = file.storyboard; name = Base; path = Base.lproj/Main.storyboard; sourceTree = "<group>"; };
		D67AF7F01F6350DB007F2D1B /* Assets.xcassets */ = {isa = PBXFileReference; lastKnownFileType = folder.assetcatalog; path = Assets.xcassets; sourceTree = "<group>"; };
		D67AF7F31F6350DB007F2D1B /* Base */ = {isa = PBXFileReference; lastKnownFileType = file.storyboard; name = Base; path = Base.lproj/LaunchScreen.storyboard; sourceTree = "<group>"; };
		D67AF7F51F6350DB007F2D1B /* Info.plist */ = {isa = PBXFileReference; lastKnownFileType = text.plist.xml; path = Info.plist; sourceTree = "<group>"; };
		D67AF7FA1F6350DB007F2D1B /* ExampleTests.xctest */ = {isa = PBXFileReference; explicitFileType = wrapper.cfbundle; includeInIndex = 0; path = ExampleTests.xctest; sourceTree = BUILT_PRODUCTS_DIR; };
		D67AF7FE1F6350DB007F2D1B /* ExampleTests.swift */ = {isa = PBXFileReference; lastKnownFileType = sourcecode.swift; path = ExampleTests.swift; sourceTree = "<group>"; };
		D67AF8001F6350DB007F2D1B /* Info.plist */ = {isa = PBXFileReference; lastKnownFileType = text.plist.xml; path = Info.plist; sourceTree = "<group>"; };
		D67AF8051F6350DB007F2D1B /* ExampleUITests.xctest */ = {isa = PBXFileReference; explicitFileType = wrapper.cfbundle; includeInIndex = 0; path = ExampleUITests.xctest; sourceTree = BUILT_PRODUCTS_DIR; };
		D67AF8091F6350DB007F2D1B /* ExampleUITests.swift */ = {isa = PBXFileReference; lastKnownFileType = sourcecode.swift; path = ExampleUITests.swift; sourceTree = "<group>"; };
		D67AF80B1F6350DB007F2D1B /* Info.plist */ = {isa = PBXFileReference; lastKnownFileType = text.plist.xml; path = Info.plist; sourceTree = "<group>"; };
		D67AF8281F6352DB007F2D1B /* MobileiaCore.framework */ = {isa = PBXFileReference; lastKnownFileType = wrapper.framework; name = MobileiaCore.framework; path = ../Carthage/Build/iOS/MobileiaCore.framework; sourceTree = "<group>"; };
/* End PBXFileReference section */

/* Begin PBXFrameworksBuildPhase section */
		D67AF7E31F6350DB007F2D1B /* Frameworks */ = {
			isa = PBXFrameworksBuildPhase;
			buildActionMask = 2147483647;
			files = (
				D67AF8291F6352DB007F2D1B /* MobileiaCore.framework in Frameworks */,
			);
			runOnlyForDeploymentPostprocessing = 0;
		};
		D67AF7F71F6350DB007F2D1B /* Frameworks */ = {
			isa = PBXFrameworksBuildPhase;
			buildActionMask = 2147483647;
			files = (
			);
			runOnlyForDeploymentPostprocessing = 0;
		};
		D67AF8021F6350DB007F2D1B /* Frameworks */ = {
			isa = PBXFrameworksBuildPhase;
			buildActionMask = 2147483647;
			files = (
			);
			runOnlyForDeploymentPostprocessing = 0;
		};
/* End PBXFrameworksBuildPhase section */

/* Begin PBXGroup section */
		D67AF7DD1F6350DB007F2D1B = {
			isa = PBXGroup;
			children = (
				D67AF81B1F6351A1007F2D1B /* Frameworks */,
				D67AF7E81F6350DB007F2D1B /* Example */,
				D67AF7FD1F6350DB007F2D1B /* ExampleTests */,
				D67AF8081F6350DB007F2D1B /* ExampleUITests */,
				D67AF7E71F6350DB007F2D1B /* Products */,
			);
			sourceTree = "<group>";
		};
		D67AF7E71F6350DB007F2D1B /* Products */ = {
			isa = PBXGroup;
			children = (
				D67AF7E61F6350DB007F2D1B /* Example.app */,
				D67AF7FA1F6350DB007F2D1B /* ExampleTests.xctest */,
				D67AF8051F6350DB007F2D1B /* ExampleUITests.xctest */,
			);
			name = Products;
			sourceTree = "<group>";
		};
		D67AF7E81F6350DB007F2D1B /* Example */ = {
			isa = PBXGroup;
			children = (
				D67AF7E91F6350DB007F2D1B /* AppDelegate.swift */,
				D67AF7EB1F6350DB007F2D1B /* ViewController.swift */,
				D67AF7ED1F6350DB007F2D1B /* Main.storyboard */,
				D67AF7F01F6350DB007F2D1B /* Assets.xcassets */,
				D67AF7F21F6350DB007F2D1B /* LaunchScreen.storyboard */,
				D67AF7F51F6350DB007F2D1B /* Info.plist */,
			);
			path = Example;
			sourceTree = "<group>";
		};
		D67AF7FD1F6350DB007F2D1B /* ExampleTests */ = {
			isa = PBXGroup;
			children = (
				D67AF7FE1F6350DB007F2D1B /* ExampleTests.swift */,
				D67AF8001F6350DB007F2D1B /* Info.plist */,
			);
			path = ExampleTests;
			sourceTree = "<group>";
		};
		D67AF8081F6350DB007F2D1B /* ExampleUITests */ = {
			isa = PBXGroup;
			children = (
				D67AF8091F6350DB007F2D1B /* ExampleUITests.swift */,
				D67AF80B1F6350DB007F2D1B /* Info.plist */,
			);
			path = ExampleUITests;
			sourceTree = "<group>";
		};
		D67AF81B1F6351A1007F2D1B /* Frameworks */ = {
			isa = PBXGroup;
			children = (
				D67AF8281F6352DB007F2D1B /* MobileiaCore.framework */,
			);
			name = Frameworks;
			sourceTree = "<group>";
		};
/* End PBXGroup section */

/* Begin PBXNativeTarget section */
		D67AF7E51F6350DB007F2D1B /* Example */ = {
			isa = PBXNativeTarget;
			buildConfigurationList = D67AF80E1F6350DB007F2D1B /* Build configuration list for PBXNativeTarget "Example" */;
			buildPhases = (
				D67AF7E21F6350DB007F2D1B /* Sources */,
				D67AF7E31F6350DB007F2D1B /* Frameworks */,
				D67AF7E41F6350DB007F2D1B /* Resources */,
				D67AF82B1F6352DB007F2D1B /* Embed Frameworks */,
			);
			buildRules = (
			);
			dependencies = (
			);
			name = Example;
			productName = Example;
			productReference = D67AF7E61F6350DB007F2D1B /* Example.app */;
			productType = "com.apple.product-type.application";
		};
		D67AF7F91F6350DB007F2D1B /* ExampleTests */ = {
			isa = PBXNativeTarget;
			buildConfigurationList = D67AF8111F6350DB007F2D1B /* Build configuration list for PBXNativeTarget "ExampleTests" */;
			buildPhases = (
				D67AF7F61F6350DB007F2D1B /* Sources */,
				D67AF7F71F6350DB007F2D1B /* Frameworks */,
				D67AF7F81F6350DB007F2D1B /* Resources */,
			);
			buildRules = (
			);
			dependencies = (
				D67AF7FC1F6350DB007F2D1B /* PBXTargetDependency */,
			);
			name = ExampleTests;
			productName = ExampleTests;
			productReference = D67AF7FA1F6350DB007F2D1B /* ExampleTests.xctest */;
			productType = "com.apple.product-type.bundle.unit-test";
		};
		D67AF8041F6350DB007F2D1B /* ExampleUITests */ = {
			isa = PBXNativeTarget;
			buildConfigurationList = D67AF8141F6350DB007F2D1B /* Build configuration list for PBXNativeTarget "ExampleUITests" */;
			buildPhases = (
				D67AF8011F6350DB007F2D1B /* Sources */,
				D67AF8021F6350DB007F2D1B /* Frameworks */,
				D67AF8031F6350DB007F2D1B /* Resources */,
			);
			buildRules = (
			);
			dependencies = (
				D67AF8071F6350DB007F2D1B /* PBXTargetDependency */,
			);
			name = ExampleUITests;
			productName = ExampleUITests;
			productReference = D67AF8051F6350DB007F2D1B /* ExampleUITests.xctest */;
			productType = "com.apple.product-type.bundle.ui-testing";
		};
/* End PBXNativeTarget section */

/* Begin PBXProject section */
		D67AF7DE1F6350DB007F2D1B /* Project object */ = {
			isa = PBXProject;
			attributes = {
				LastSwiftUpdateCheck = 0830;
				LastUpgradeCheck = 0830;
				ORGANIZATIONNAME = "Matias Camiletti";
				TargetAttributes = {
					D67AF7E51F6350DB007F2D1B = {
						CreatedOnToolsVersion = 8.3.3;
						ProvisioningStyle = Automatic;
					};
					D67AF7F91F6350DB007F2D1B = {
						CreatedOnToolsVersion = 8.3.3;
						ProvisioningStyle = Automatic;
						TestTargetID = D67AF7E51F6350DB007F2D1B;
					};
					D67AF8041F6350DB007F2D1B = {
						CreatedOnToolsVersion = 8.3.3;
						ProvisioningStyle = Automatic;
						TestTargetID = D67AF7E51F6350DB007F2D1B;
					};
				};
			};
			buildConfigurationList = D67AF7E11F6350DB007F2D1B /* Build configuration list for PBXProject "Example" */;
			compatibilityVersion = "Xcode 3.2";
			developmentRegion = English;
			hasScannedForEncodings = 0;
			knownRegions = (
				en,
				Base,
			);
			mainGroup = D67AF7DD1F6350DB007F2D1B;
			productRefGroup = D67AF7E71F6350DB007F2D1B /* Products */;
			projectDirPath = "";
			projectRoot = "";
			targets = (
				D67AF7E51F6350DB007F2D1B /* Example */,
				D67AF7F91F6350DB007F2D1B /* ExampleTests */,
				D67AF8041F6350DB007F2D1B /* ExampleUITests */,
			);
		};
/* End PBXProject section */

/* Begin PBXResourcesBuildPhase section */
		D67AF7E41F6350DB007F2D1B /* Resources */ = {
			isa = PBXResourcesBuildPhase;
			buildActionMask = 2147483647;
			files = (
				D67AF7F41F6350DB007F2D1B /* LaunchScreen.storyboard in Resources */,
				D67AF7F11F6350DB007F2D1B /* Assets.xcassets in Resources */,
				D67AF7EF1F6350DB007F2D1B /* Main.storyboard in Resources */,
			);
			runOnlyForDeploymentPostprocessing = 0;
		};
		D67AF7F81F6350DB007F2D1B /* Resources */ = {
			isa = PBXResourcesBuildPhase;
			buildActionMask = 2147483647;
			files = (
			);
			runOnlyForDeploymentPostprocessing = 0;
		};
		D67AF8031F6350DB007F2D1B /* Resources */ = {
			isa = PBXResourcesBuildPhase;
			buildActionMask = 2147483647;
			files = (
			);
			runOnlyForDeploymentPostprocessing = 0;
		};
/* End PBXResourcesBuildPhase section */

/* Begin PBXSourcesBuildPhase section */
		D67AF7E21F6350DB007F2D1B /* Sources */ = {
			isa = PBXSourcesBuildPhase;
			buildActionMask = 2147483647;
			files = (
				D67AF7EC1F6350DB007F2D1B /* ViewController.swift in Sources */,
				D67AF7EA1F6350DB007F2D1B /* AppDelegate.swift in Sources */,
			);
			runOnlyForDeploymentPostprocessing = 0;
		};
		D67AF7F61F6350DB007F2D1B /* Sources */ = {
			isa = PBXSourcesBuildPhase;
			buildActionMask = 2147483647;
			files = (
				D67AF7FF1F6350DB007F2D1B /* ExampleTests.swift in Sources */,
			);
			runOnlyForDeploymentPostprocessing = 0;
		};
		D67AF8011F6350DB007F2D1B /* Sources */ = {
			isa = PBXSourcesBuildPhase;
			buildActionMask = 2147483647;
			files = (
				D67AF80A1F6350DB007F2D1B /* ExampleUITests.swift in Sources */,
			);
			runOnlyForDeploymentPostprocessing = 0;
		};
/* End PBXSourcesBuildPhase section */

/* Begin PBXTargetDependency section */
		D67AF7FC1F6350DB007F2D1B /* PBXTargetDependency */ = {
			isa = PBXTargetDependency;
			target = D67AF7E51F6350DB007F2D1B /* Example */;
			targetProxy = D67AF7FB1F6350DB007F2D1B /* PBXContainerItemProxy */;
		};
		D67AF8071F6350DB007F2D1B /* PBXTargetDependency */ = {
			isa = PBXTargetDependency;
			target = D67AF7E51F6350DB007F2D1B /* Example */;
			targetProxy = D67AF8061F6350DB007F2D1B /* PBXContainerItemProxy */;
		};
/* End PBXTargetDependency section */

/* Begin PBXVariantGroup section */
		D67AF7ED1F6350DB007F2D1B /* Main.storyboard */ = {
			isa = PBXVariantGroup;
			children = (
				D67AF7EE1F6350DB007F2D1B /* Base */,
			);
			name = Main.storyboard;
			sourceTree = "<group>";
		};
		D67AF7F21F6350DB007F2D1B /* LaunchScreen.storyboard */ = {
			isa = PBXVariantGroup;
			children = (
				D67AF7F31F6350DB007F2D1B /* Base */,
			);
			name = LaunchScreen.storyboard;
			sourceTree = "<group>";
		};
/* End PBXVariantGroup section */

/* Begin XCBuildConfiguration section */
		D67AF80C1F6350DB007F2D1B /* Debug */ = {
			isa = XCBuildConfiguration;
			buildSettings = {
				ALWAYS_SEARCH_USER_PATHS = NO;
				CLANG_ANALYZER_NONNULL = YES;
				CLANG_ANALYZER_NUMBER_OBJECT_CONVERSION = YES_AGGRESSIVE;
				CLANG_CXX_LANGUAGE_STANDARD = "gnu++0x";
				CLANG_CXX_LIBRARY = "libc++";
				CLANG_ENABLE_MODULES = YES;
				CLANG_ENABLE_OBJC_ARC = YES;
				CLANG_WARN_BOOL_CONVERSION = YES;
				CLANG_WARN_CONSTANT_CONVERSION = YES;
				CLANG_WARN_DIRECT_OBJC_ISA_USAGE = YES_ERROR;
				CLANG_WARN_DOCUMENTATION_COMMENTS = YES;
				CLANG_WARN_EMPTY_BODY = YES;
				CLANG_WARN_ENUM_CONVERSION = YES;
				CLANG_WARN_INFINITE_RECURSION = YES;
				CLANG_WARN_INT_CONVERSION = YES;
				CLANG_WARN_OBJC_ROOT_CLASS = YES_ERROR;
				CLANG_WARN_SUSPICIOUS_MOVE = YES;
				CLANG_WARN_UNREACHABLE_CODE = YES;
				CLANG_WARN__DUPLICATE_METHOD_MATCH = YES;
				"CODE_SIGN_IDENTITY[sdk=iphoneos*]" = "iPhone Developer";
				COPY_PHASE_STRIP = NO;
				DEBUG_INFORMATION_FORMAT = dwarf;
				ENABLE_STRICT_OBJC_MSGSEND = YES;
				ENABLE_TESTABILITY = YES;
				GCC_C_LANGUAGE_STANDARD = gnu99;
				GCC_DYNAMIC_NO_PIC = NO;
				GCC_NO_COMMON_BLOCKS = YES;
				GCC_OPTIMIZATION_LEVEL = 0;
				GCC_PREPROCESSOR_DEFINITIONS = (
					"DEBUG=1",
					"$(inherited)",
				);
				GCC_WARN_64_TO_32_BIT_CONVERSION = YES;
				GCC_WARN_ABOUT_RETURN_TYPE = YES_ERROR;
				GCC_WARN_UNDECLARED_SELECTOR = YES;
				GCC_WARN_UNINITIALIZED_AUTOS = YES_AGGRESSIVE;
				GCC_WARN_UNUSED_FUNCTION = YES;
				GCC_WARN_UNUSED_VARIABLE = YES;
				IPHONEOS_DEPLOYMENT_TARGET = 10.3;
				MTL_ENABLE_DEBUG_INFO = YES;
				ONLY_ACTIVE_ARCH = YES;
				SDKROOT = iphoneos;
				SWIFT_ACTIVE_COMPILATION_CONDITIONS = DEBUG;
				SWIFT_OPTIMIZATION_LEVEL = "-Onone";
			};
			name = Debug;
		};
		D67AF80D1F6350DB007F2D1B /* Release */ = {
			isa = XCBuildConfiguration;
			buildSettings = {
				ALWAYS_SEARCH_USER_PATHS = NO;
				CLANG_ANALYZER_NONNULL = YES;
				CLANG_ANALYZER_NUMBER_OBJECT_CONVERSION = YES_AGGRESSIVE;
				CLANG_CXX_LANGUAGE_STANDARD = "gnu++0x";
				CLANG_CXX_LIBRARY = "libc++";
				CLANG_ENABLE_MODULES = YES;
				CLANG_ENABLE_OBJC_ARC = YES;
				CLANG_WARN_BOOL_CONVERSION = YES;
				CLANG_WARN_CONSTANT_CONVERSION = YES;
				CLANG_WARN_DIRECT_OBJC_ISA_USAGE = YES_ERROR;
				CLANG_WARN_DOCUMENTATION_COMMENTS = YES;
				CLANG_WARN_EMPTY_BODY = YES;
				CLANG_WARN_ENUM_CONVERSION = YES;
				CLANG_WARN_INFINITE_RECURSION = YES;
				CLANG_WARN_INT_CONVERSION = YES;
				CLANG_WARN_OBJC_ROOT_CLASS = YES_ERROR;
				CLANG_WARN_SUSPICIOUS_MOVE = YES;
				CLANG_WARN_UNREACHABLE_CODE = YES;
				CLANG_WARN__DUPLICATE_METHOD_MATCH = YES;
				"CODE_SIGN_IDENTITY[sdk=iphoneos*]" = "iPhone Developer";
				COPY_PHASE_STRIP = NO;
				DEBUG_INFORMATION_FORMAT = "dwarf-with-dsym";
				ENABLE_NS_ASSERTIONS = NO;
				ENABLE_STRICT_OBJC_MSGSEND = YES;
				GCC_C_LANGUAGE_STANDARD = gnu99;
				GCC_NO_COMMON_BLOCKS = YES;
				GCC_WARN_64_TO_32_BIT_CONVERSION = YES;
				GCC_WARN_ABOUT_RETURN_TYPE = YES_ERROR;
				GCC_WARN_UNDECLARED_SELECTOR = YES;
				GCC_WARN_UNINITIALIZED_AUTOS = YES_AGGRESSIVE;
				GCC_WARN_UNUSED_FUNCTION = YES;
				GCC_WARN_UNUSED_VARIABLE = YES;
				IPHONEOS_DEPLOYMENT_TARGET = 10.3;
				MTL_ENABLE_DEBUG_INFO = NO;
				SDKROOT = iphoneos;
				SWIFT_OPTIMIZATION_LEVEL = "-Owholemodule";
				VALIDATE_PRODUCT = YES;
			};
			name = Release;
		};
		D67AF80F1F6350DB007F2D1B /* Debug */ = {
			isa = XCBuildConfiguration;
			buildSettings = {
				ASSETCATALOG_COMPILER_APPICON_NAME = AppIcon;
				INFOPLIST_FILE = Example/Info.plist;
				LD_RUNPATH_SEARCH_PATHS = "$(inherited) @executable_path/Frameworks";
				PRODUCT_BUNDLE_IDENTIFIER = com.mobileia.Example;
				PRODUCT_NAME = "$(TARGET_NAME)";
				SWIFT_VERSION = 3.0;
			};
			name = Debug;
		};
		D67AF8101F6350DB007F2D1B /* Release */ = {
			isa = XCBuildConfiguration;
			buildSettings = {
				ASSETCATALOG_COMPILER_APPICON_NAME = AppIcon;
				INFOPLIST_FILE = Example/Info.plist;
				LD_RUNPATH_SEARCH_PATHS = "$(inherited) @executable_path/Frameworks";
				PRODUCT_BUNDLE_IDENTIFIER = com.mobileia.Example;
				PRODUCT_NAME = "$(TARGET_NAME)";
				SWIFT_VERSION = 3.0;
			};
			name = Release;
		};
		D67AF8121F6350DB007F2D1B /* Debug */ = {
			isa = XCBuildConfiguration;
			buildSettings = {
				ALWAYS_EMBED_SWIFT_STANDARD_LIBRARIES = YES;
				BUNDLE_LOADER = "$(TEST_HOST)";
				INFOPLIST_FILE = ExampleTests/Info.plist;
				LD_RUNPATH_SEARCH_PATHS = "$(inherited) @executable_path/Frameworks @loader_path/Frameworks";
				PRODUCT_BUNDLE_IDENTIFIER = com.mobileia.ExampleTests;
				PRODUCT_NAME = "$(TARGET_NAME)";
				SWIFT_VERSION = 3.0;
				TEST_HOST = "$(BUILT_PRODUCTS_DIR)/Example.app/Example";
			};
			name = Debug;
		};
		D67AF8131F6350DB007F2D1B /* Release */ = {
			isa = XCBuildConfiguration;
			buildSettings = {
				ALWAYS_EMBED_SWIFT_STANDARD_LIBRARIES = YES;
				BUNDLE_LOADER = "$(TEST_HOST)";
				INFOPLIST_FILE = ExampleTests/Info.plist;
				LD_RUNPATH_SEARCH_PATHS = "$(inherited) @executable_path/Frameworks @loader_path/Frameworks";
				PRODUCT_BUNDLE_IDENTIFIER = com.mobileia.ExampleTests;
				PRODUCT_NAME = "$(TARGET_NAME)";
				SWIFT_VERSION = 3.0;
				TEST_HOST = "$(BUILT_PRODUCTS_DIR)/Example.app/Example";
			};
			name = Release;
		};
		D67AF8151F6350DB007F2D1B /* Debug */ = {
			isa = XCBuildConfiguration;
			buildSettings = {
				ALWAYS_EMBED_SWIFT_STANDARD_LIBRARIES = YES;
				INFOPLIST_FILE = ExampleUITests/Info.plist;
				LD_RUNPATH_SEARCH_PATHS = "$(inherited) @executable_path/Frameworks @loader_path/Frameworks";
				PRODUCT_BUNDLE_IDENTIFIER = com.mobileia.ExampleUITests;
				PRODUCT_NAME = "$(TARGET_NAME)";
				SWIFT_VERSION = 3.0;
				TEST_TARGET_NAME = Example;
			};
			name = Debug;
		};
		D67AF8161F6350DB007F2D1B /* Release */ = {
			isa = XCBuildConfiguration;
			buildSettings = {
				ALWAYS_EMBED_SWIFT_STANDARD_LIBRARIES = YES;
				INFOPLIST_FILE = ExampleUITests/Info.plist;
				LD_RUNPATH_SEARCH_PATHS = "$(inherited) @executable_path/Frameworks @loader_path/Frameworks";
				PRODUCT_BUNDLE_IDENTIFIER = com.mobileia.ExampleUITests;
				PRODUCT_NAME = "$(TARGET_NAME)";
				SWIFT_VERSION = 3.0;
				TEST_TARGET_NAME = Example;
			};
			name = Release;
		};
/* End XCBuildConfiguration section */

/* Begin XCConfigurationList section */
		D67AF7E11F6350DB007F2D1B /* Build configuration list for PBXProject "Example" */ = {
			isa = XCConfigurationList;
			buildConfigurations = (
				D67AF80C1F6350DB007F2D1B /* Debug */,
				D67AF80D1F6350DB007F2D1B /* Release */,
			);
			defaultConfigurationIsVisible = 0;
			defaultConfigurationName = Release;
		};
		D67AF80E1F6350DB007F2D1B /* Build configuration list for PBXNativeTarget "Example" */ = {
			isa = XCConfigurationList;
			buildConfigurations = (
				D67AF80F1F6350DB007F2D1B /* Debug */,
				D67AF8101F6350DB007F2D1B /* Release */,
			);
			defaultConfigurationIsVisible = 0;
			defaultConfigurationName = Release;
		};
		D67AF8111F6350DB007F2D1B /* Build configuration list for PBXNativeTarget "ExampleTests" */ = {
			isa = XCConfigurationList;
			buildConfigurations = (
				D67AF8121F6350DB007F2D1B /* Debug */,
				D67AF8131F6350DB007F2D1B /* Release */,
			);
			defaultConfigurationIsVisible = 0;
			defaultConfigurationName = Release;
		};
		D67AF8141F6350DB007F2D1B /* Build configuration list for PBXNativeTarget "ExampleUITests" */ = {
			isa = XCConfigurationList;
			buildConfigurations = (
				D67AF8151F6350DB007F2D1B /* Debug */,
				D67AF8161F6350DB007F2D1B /* Release */,
			);
			defaultConfigurationIsVisible = 0;
			defaultConfigurationName = Release;
		};
/* End XCConfigurationList section */
	};
	rootObject = D67AF7DE1F6350DB007F2D1B /* Project object */;
}
